// !$*UTF8*$!
{
	archiveVersion = 1;
	classes = {
	};
	objectVersion = 46;
	objects = {

/* Begin PBXBuildFile section */
		28CDAC7B1AF171A8005A392B /* main.m in Sources */ = {isa = PBXBuildFile; fileRef = 28CDAC7A1AF171A8005A392B /* main.m */; };
		28CDAC7E1AF171A8005A392B /* AppDelegate.m in Sources */ = {isa = PBXBuildFile; fileRef = 28CDAC7D1AF171A8005A392B /* AppDelegate.m */; };
		28CDAC811AF171A8005A392B /* ViewController.m in Sources */ = {isa = PBXBuildFile; fileRef = 28CDAC801AF171A8005A392B /* ViewController.m */; };
		28CDAC841AF171A8005A392B /* Main.storyboard in Resources */ = {isa = PBXBuildFile; fileRef = 28CDAC821AF171A8005A392B /* Main.storyboard */; };
		28CDAC861AF171A8005A392B /* Images.xcassets in Resources */ = {isa = PBXBuildFile; fileRef = 28CDAC851AF171A8005A392B /* Images.xcassets */; };
		28CDAC891AF171A8005A392B /* LaunchScreen.xib in Resources */ = {isa = PBXBuildFile; fileRef = 28CDAC871AF171A8005A392B /* LaunchScreen.xib */; };
		28CDAC951AF171A8005A392B /* RecipePhotoTests.m in Sources */ = {isa = PBXBuildFile; fileRef = 28CDAC941AF171A8005A392B /* RecipePhotoTests.m */; };
/* End PBXBuildFile section */

/* Begin PBXContainerItemProxy section */
		28CDAC8F1AF171A8005A392B /* PBXContainerItemProxy */ = {
			isa = PBXContainerItemProxy;
			containerPortal = 28CDAC6D1AF171A8005A392B /* Project object */;
			proxyType = 1;
			remoteGlobalIDString = 28CDAC741AF171A8005A392B;
			remoteInfo = RecipePhoto;
		};
/* End PBXContainerItemProxy section */

/* Begin PBXFileReference section */
		28CDAC751AF171A8005A392B /* RecipePhoto.app */ = {isa = PBXFileReference; explicitFileType = wrapper.application; includeInIndex = 0; path = RecipePhoto.app; sourceTree = BUILT_PRODUCTS_DIR; };
		28CDAC791AF171A8005A392B /* Info.plist */ = {isa = PBXFileReference; lastKnownFileType = text.plist.xml; path = Info.plist; sourceTree = "<group>"; };
		28CDAC7A1AF171A8005A392B /* main.m */ = {isa = PBXFileReference; lastKnownFileType = sourcecode.c.objc; path = main.m; sourceTree = "<group>"; };
		28CDAC7C1AF171A8005A392B /* AppDelegate.h */ = {isa = PBXFileReference; lastKnownFileType = sourcecode.c.h; path = AppDelegate.h; sourceTree = "<group>"; };
		28CDAC7D1AF171A8005A392B /* AppDelegate.m */ = {isa = PBXFileReference; lastKnownFileType = sourcecode.c.objc; path = AppDelegate.m; sourceTree = "<group>"; };
		28CDAC7F1AF171A8005A392B /* ViewController.h */ = {isa = PBXFileReference; lastKnownFileType = sourcecode.c.h; path = ViewController.h; sourceTree = "<group>"; };
		28CDAC801AF171A8005A392B /* ViewController.m */ = {isa = PBXFileReference; lastKnownFileType = sourcecode.c.objc; path = ViewController.m; sourceTree = "<group>"; };
		28CDAC831AF171A8005A392B /* Base */ = {isa = PBXFileReference; lastKnownFileType = file.storyboard; name = Base; path = Base.lproj/Main.storyboard; sourceTree = "<group>"; };
		28CDAC851AF171A8005A392B /* Images.xcassets */ = {isa = PBXFileReference; lastKnownFileType = folder.assetcatalog; path = Images.xcassets; sourceTree = "<group>"; };
		28CDAC881AF171A8005A392B /* Base */ = {isa = PBXFileReference; lastKnownFileType = file.xib; name = Base; path = Base.lproj/LaunchScreen.xib; sourceTree = "<group>"; };
		28CDAC8E1AF171A8005A392B /* RecipePhotoTests.xctest */ = {isa = PBXFileReference; explicitFileType = wrapper.cfbundle; includeInIndex = 0; path = RecipePhotoTests.xctest; sourceTree = BUILT_PRODUCTS_DIR; };
		28CDAC931AF171A8005A392B /* Info.plist */ = {isa = PBXFileReference; lastKnownFileType = text.plist.xml; path = Info.plist; sourceTree = "<group>"; };
		28CDAC941AF171A8005A392B /* RecipePhotoTests.m */ = {isa = PBXFileReference; lastKnownFileType = sourcecode.c.objc; path = RecipePhotoTests.m; sourceTree = "<group>"; };
/* End PBXFileReference section */

/* Begin PBXFrameworksBuildPhase section */
		28CDAC721AF171A8005A392B /* Frameworks */ = {
			isa = PBXFrameworksBuildPhase;
			buildActionMask = 2147483647;
			files = (
			);
			runOnlyForDeploymentPostprocessing = 0;
		};
		28CDAC8B1AF171A8005A392B /* Frameworks */ = {
			isa = PBXFrameworksBuildPhase;
			buildActionMask = 2147483647;
			files = (
			);
			runOnlyForDeploymentPostprocessing = 0;
		};
/* End PBXFrameworksBuildPhase section */

/* Begin PBXGroup section */
		28CDAC6C1AF171A8005A392B = {
			isa = PBXGroup;
			children = (
				28CDAC771AF171A8005A392B /* RecipePhoto */,
				28CDAC911AF171A8005A392B /* RecipePhotoTests */,
				28CDAC761AF171A8005A392B /* Products */,
			);
			sourceTree = "<group>";
		};
		28CDAC761AF171A8005A392B /* Products */ = {
			isa = PBXGroup;
			children = (
				28CDAC751AF171A8005A392B /* RecipePhoto.app */,
				28CDAC8E1AF171A8005A392B /* RecipePhotoTests.xctest */,
			);
			name = Products;
			sourceTree = "<group>";
		};
		28CDAC771AF171A8005A392B /* RecipePhoto */ = {
			isa = PBXGroup;
			children = (
				28CDAC7C1AF171A8005A392B /* AppDelegate.h */,
				28CDAC7D1AF171A8005A392B /* AppDelegate.m */,
				28CDAC7F1AF171A8005A392B /* ViewController.h */,
				28CDAC801AF171A8005A392B /* ViewController.m */,
				28CDAC821AF171A8005A392B /* Main.storyboard */,
				28CDAC851AF171A8005A392B /* Images.xcassets */,
				28CDAC871AF171A8005A392B /* LaunchScreen.xib */,
				28CDAC781AF171A8005A392B /* Supporting Files */,
			);
			path = RecipePhoto;
			sourceTree = "<group>";
		};
		28CDAC781AF171A8005A392B /* Supporting Files */ = {
			isa = PBXGroup;
			children = (
				28CDAC791AF171A8005A392B /* Info.plist */,
				28CDAC7A1AF171A8005A392B /* main.m */,
			);
			name = "Supporting Files";
			sourceTree = "<group>";
		};
		28CDAC911AF171A8005A392B /* RecipePhotoTests */ = {
			isa = PBXGroup;
			children = (
				28CDAC941AF171A8005A392B /* RecipePhotoTests.m */,
				28CDAC921AF171A8005A392B /* Supporting Files */,
			);
			path = RecipePhotoTests;
			sourceTree = "<group>";
		};
		28CDAC921AF171A8005A392B /* Supporting Files */ = {
			isa = PBXGroup;
			children = (
				28CDAC931AF171A8005A392B /* Info.plist */,
			);
			name = "Supporting Files";
			sourceTree = "<group>";
		};
/* End PBXGroup section */

/* Begin PBXNativeTarget section */
		28CDAC741AF171A8005A392B /* RecipePhoto */ = {
			isa = PBXNativeTarget;
			buildConfigurationList = 28CDAC981AF171A8005A392B /* Build configuration list for PBXNativeTarget "RecipePhoto" */;
			buildPhases = (
				28CDAC711AF171A8005A392B /* Sources */,
				28CDAC721AF171A8005A392B /* Frameworks */,
				28CDAC731AF171A8005A392B /* Resources */,
			);
			buildRules = (
			);
			dependencies = (
			);
			name = RecipePhoto;
			productName = RecipePhoto;
			productReference = 28CDAC751AF171A8005A392B /* RecipePhoto.app */;
			productType = "com.apple.product-type.application";
		};
		28CDAC8D1AF171A8005A392B /* RecipePhotoTests */ = {
			isa = PBXNativeTarget;
			buildConfigurationList = 28CDAC9B1AF171A8005A392B /* Build configuration list for PBXNativeTarget "RecipePhotoTests" */;
			buildPhases = (
				28CDAC8A1AF171A8005A392B /* Sources */,
				28CDAC8B1AF171A8005A392B /* Frameworks */,
				28CDAC8C1AF171A8005A392B /* Resources */,
			);
			buildRules = (
			);
			dependencies = (
				28CDAC901AF171A8005A392B /* PBXTargetDependency */,
			);
			name = RecipePhotoTests;
			productName = RecipePhotoTests;
			productReference = 28CDAC8E1AF171A8005A392B /* RecipePhotoTests.xctest */;
			productType = "com.apple.product-type.bundle.unit-test";
		};
/* End PBXNativeTarget section */

/* Begin PBXProject section */
		28CDAC6D1AF171A8005A392B /* Project object */ = {
			isa = PBXProject;
			attributes = {
				LastUpgradeCheck = 0630;
				ORGANIZATIONNAME = "Catherine Reyto";
				TargetAttributes = {
					28CDAC741AF171A8005A392B = {
						CreatedOnToolsVersion = 6.3;
					};
					28CDAC8D1AF171A8005A392B = {
						CreatedOnToolsVersion = 6.3;
						TestTargetID = 28CDAC741AF171A8005A392B;
					};
				};
			};
			buildConfigurationList = 28CDAC701AF171A8005A392B /* Build configuration list for PBXProject "RecipePhoto" */;
			compatibilityVersion = "Xcode 3.2";
			developmentRegion = English;
			hasScannedForEncodings = 0;
			knownRegions = (
				en,
				Base,
			);
			mainGroup = 28CDAC6C1AF171A8005A392B;
			productRefGroup = 28CDAC761AF171A8005A392B /* Products */;
			projectDirPath = "";
			projectRoot = "";
			targets = (
				28CDAC741AF171A8005A392B /* RecipePhoto */,
				28CDAC8D1AF171A8005A392B /* RecipePhotoTests */,
			);
		};
/* End PBXProject section */

/* Begin PBXResourcesBuildPhase section */
		28CDAC731AF171A8005A392B /* Resources */ = {
			isa = PBXResourcesBuildPhase;
			buildActionMask = 2147483647;
			files = (
				28CDAC841AF171A8005A392B /* Main.storyboard in Resources */,
				28CDAC891AF171A8005A392B /* LaunchScreen.xib in Resources */,
				28CDAC861AF171A8005A392B /* Images.xcassets in Resources */,
			);
			runOnlyForDeploymentPostprocessing = 0;
		};
		28CDAC8C1AF171A8005A392B /* Resources */ = {
			isa = PBXResourcesBuildPhase;
			buildActionMask = 2147483647;
			files = (
			);
			runOnlyForDeploymentPostprocessing = 0;
		};
/* End PBXResourcesBuildPhase section */

/* Begin PBXSourcesBuildPhase section */
		28CDAC711AF171A8005A392B /* Sources */ = {
			isa = PBXSourcesBuildPhase;
			buildActionMask = 2147483647;
			files = (
				28CDAC811AF171A8005A392B /* ViewController.m in Sources */,
				28CDAC7E1AF171A8005A392B /* AppDelegate.m in Sources */,
				28CDAC7B1AF171A8005A392B /* main.m in Sources */,
			);
			runOnlyForDeploymentPostprocessing = 0;
		};
		28CDAC8A1AF171A8005A392B /* Sources */ = {
			isa = PBXSourcesBuildPhase;
			buildActionMask = 2147483647;
			files = (
				28CDAC951AF171A8005A392B /* RecipePhotoTests.m in Sources */,
			);
			runOnlyForDeploymentPostprocessing = 0;
		};
/* End PBXSourcesBuildPhase section */

/* Begin PBXTargetDependency section */
		28CDAC901AF171A8005A392B /* PBXTargetDependency */ = {
			isa = PBXTargetDependency;
			target = 28CDAC741AF171A8005A392B /* RecipePhoto */;
			targetProxy = 28CDAC8F1AF171A8005A392B /* PBXContainerItemProxy */;
		};
/* End PBXTargetDependency section */

/* Begin PBXVariantGroup section */
		28CDAC821AF171A8005A392B /* Main.storyboard */ = {
			isa = PBXVariantGroup;
			children = (
				28CDAC831AF171A8005A392B /* Base */,
			);
			name = Main.storyboard;
			sourceTree = "<group>";
		};
		28CDAC871AF171A8005A392B /* LaunchScreen.xib */ = {
			isa = PBXVariantGroup;
			children = (
				28CDAC881AF171A8005A392B /* Base */,
			);
			name = LaunchScreen.xib;
			sourceTree = "<group>";
		};
/* End PBXVariantGroup section */

/* Begin XCBuildConfiguration section */
		28CDAC961AF171A8005A392B /* Debug */ = {
			isa = XCBuildConfiguration;
			buildSettings = {
				ALWAYS_SEARCH_USER_PATHS = NO;
				CLANG_CXX_LANGUAGE_STANDARD = "gnu++0x";
				CLANG_CXX_LIBRARY = "libc++";
				CLANG_ENABLE_MODULES = YES;
				CLANG_ENABLE_OBJC_ARC = YES;
				CLANG_WARN_BOOL_CONVERSION = YES;
				CLANG_WARN_CONSTANT_CONVERSION = YES;
				CLANG_WARN_DIRECT_OBJC_ISA_USAGE = YES_ERROR;
				CLANG_WARN_EMPTY_BODY = YES;
				CLANG_WARN_ENUM_CONVERSION = YES;
				CLANG_WARN_INT_CONVERSION = YES;
				CLANG_WARN_OBJC_ROOT_CLASS = YES_ERROR;
				CLANG_WARN_UNREACHABLE_CODE = YES;
				CLANG_WARN__DUPLICATE_METHOD_MATCH = YES;
				"CODE_SIGN_IDENTITY[sdk=iphoneos*]" = "iPhone Developer";
				COPY_PHASE_STRIP = NO;
				DEBUG_INFORMATION_FORMAT = "dwarf-with-dsym";
				ENABLE_STRICT_OBJC_MSGSEND = YES;
				GCC_C_LANGUAGE_STANDARD = gnu99;
				GCC_DYNAMIC_NO_PIC = NO;
				GCC_NO_COMMON_BLOCKS = YES;
				GCC_OPTIMIZATION_LEVEL = 0;
				GCC_PREPROCESSOR_DEFINITIONS = (
					"DEBUG=1",
					"$(inherited)",
				);
				GCC_SYMBOLS_PRIVATE_EXTERN = NO;
				GCC_WARN_64_TO_32_BIT_CONVERSION = YES;
				GCC_WARN_ABOUT_RETURN_TYPE = YES_ERROR;
				GCC_WARN_UNDECLARED_SELECTOR = YES;
				GCC_WARN_UNINITIALIZED_AUTOS = YES_AGGRESSIVE;
				GCC_WARN_UNUSED_FUNCTION = YES;
				GCC_WARN_UNUSED_VARIABLE = YES;
				IPHONEOS_DEPLOYMENT_TARGET = 8.3;
				MTL_ENABLE_DEBUG_INFO = YES;
				ONLY_ACTIVE_ARCH = YES;
				SDKROOT = iphoneos;
			};
			name = Debug;
		};
		28CDAC971AF171A8005A392B /* Release */ = {
			isa = XCBuildConfiguration;
			buildSettings = {
				ALWAYS_SEARCH_USER_PATHS = NO;
				CLANG_CXX_LANGUAGE_STANDARD = "gnu++0x";
				CLANG_CXX_LIBRARY = "libc++";
				CLANG_ENABLE_MODULES = YES;
				CLANG_ENABLE_OBJC_ARC = YES;
				CLANG_WARN_BOOL_CONVERSION = YES;
				CLANG_WARN_CONSTANT_CONVERSION = YES;
				CLANG_WARN_DIRECT_OBJC_ISA_USAGE = YES_ERROR;
				CLANG_WARN_EMPTY_BODY = YES;
				CLANG_WARN_ENUM_CONVERSION = YES;
				CLANG_WARN_INT_CONVERSION = YES;
				CLANG_WARN_OBJC_ROOT_CLASS = YES_ERROR;
				CLANG_WARN_UNREACHABLE_CODE = YES;
				CLANG_WARN__DUPLICATE_METHOD_MATCH = YES;
				"CODE_SIGN_IDENTITY[sdk=iphoneos*]" = "iPhone Developer";
				COPY_PHASE_STRIP = NO;
				DEBUG_INFORMATION_FORMAT = "dwarf-with-dsym";
				ENABLE_NS_ASSERTIONS = NO;
				ENABLE_STRICT_OBJC_MSGSEND = YES;
				GCC_C_LANGUAGE_STANDARD = gnu99;
				GCC_NO_COMMON_BLOCKS = YES;
				GCC_WARN_64_TO_32_BIT_CONVERSION = YES;
				GCC_WARN_ABOUT_RETURN_TYPE = YES_ERROR;
				GCC_WARN_UNDECLARED_SELECTOR = YES;
				GCC_WARN_UNINITIALIZED_AUTOS = YES_AGGRESSIVE;
				GCC_WARN_UNUSED_FUNCTION = YES;
				GCC_WARN_UNUSED_VARIABLE = YES;
				IPHONEOS_DEPLOYMENT_TARGET = 8.3;
				MTL_ENABLE_DEBUG_INFO = NO;
				SDKROOT = iphoneos;
				VALIDATE_PRODUCT = YES;
			};
			name = Release;
		};
		28CDAC991AF171A8005A392B /* Debug */ = {
			isa = XCBuildConfiguration;
			buildSettings = {
				ASSETCATALOG_COMPILER_APPICON_NAME = AppIcon;
				INFOPLIST_FILE = RecipePhoto/Info.plist;
				LD_RUNPATH_SEARCH_PATHS = "$(inherited) @executable_path/Frameworks";
				PRODUCT_NAME = "$(TARGET_NAME)";
			};
			name = Debug;
		};
		28CDAC9A1AF171A8005A392B /* Release */ = {
			isa = XCBuildConfiguration;
			buildSettings = {
				ASSETCATALOG_COMPILER_APPICON_NAME = AppIcon;
				INFOPLIST_FILE = RecipePhoto/Info.plist;
				LD_RUNPATH_SEARCH_PATHS = "$(inherited) @executable_path/Frameworks";
				PRODUCT_NAME = "$(TARGET_NAME)";
			};
			name = Release;
		};
		28CDAC9C1AF171A8005A392B /* Debug */ = {
			isa = XCBuildConfiguration;
			buildSettings = {
				BUNDLE_LOADER = "$(TEST_HOST)";
				FRAMEWORK_SEARCH_PATHS = (
					"$(SDKROOT)/Developer/Library/Frameworks",
					"$(inherited)",
				);
				GCC_PREPROCESSOR_DEFINITIONS = (
					"DEBUG=1",
					"$(inherited)",
				);
				INFOPLIST_FILE = RecipePhotoTests/Info.plist;
				LD_RUNPATH_SEARCH_PATHS = "$(inherited) @executable_path/Frameworks @loader_path/Frameworks";
				PRODUCT_NAME = "$(TARGET_NAME)";
				TEST_HOST = "$(BUILT_PRODUCTS_DIR)/RecipePhoto.app/RecipePhoto";
			};
			name = Debug;
		};
		28CDAC9D1AF171A8005A392B /* Release */ = {
			isa = XCBuildConfiguration;
			buildSettings = {
				BUNDLE_LOADER = "$(TEST_HOST)";
				FRAMEWORK_SEARCH_PATHS = (
					"$(SDKROOT)/Developer/Library/Frameworks",
					"$(inherited)",
				);
				INFOPLIST_FILE = RecipePhotoTests/Info.plist;
				LD_RUNPATH_SEARCH_PATHS = "$(inherited) @executable_path/Frameworks @loader_path/Frameworks";
				PRODUCT_NAME = "$(TARGET_NAME)";
				TEST_HOST = "$(BUILT_PRODUCTS_DIR)/RecipePhoto.app/RecipePhoto";
			};
			name = Release;
		};
/* End XCBuildConfiguration section */

/* Begin XCConfigurationList section */
		28CDAC701AF171A8005A392B /* Build configuration list for PBXProject "RecipePhoto" */ = {
			isa = XCConfigurationList;
			buildConfigurations = (
				28CDAC961AF171A8005A392B /* Debug */,
				28CDAC971AF171A8005A392B /* Release */,
			);
			defaultConfigurationIsVisible = 0;
			defaultConfigurationName = Release;
		};
		28CDAC981AF171A8005A392B /* Build configuration list for PBXNativeTarget "RecipePhoto" */ = {
			isa = XCConfigurationList;
			buildConfigurations = (
				28CDAC991AF171A8005A392B /* Debug */,
				28CDAC9A1AF171A8005A392B /* Release */,
			);
			defaultConfigurationIsVisible = 0;
		};
		28CDAC9B1AF171A8005A392B /* Build configuration list for PBXNativeTarget "RecipePhotoTests" */ = {
			isa = XCConfigurationList;
			buildConfigurations = (
				28CDAC9C1AF171A8005A392B /* Debug */,
				28CDAC9D1AF171A8005A392B /* Release */,
			);
			defaultConfigurationIsVisible = 0;
		};
/* End XCConfigurationList section */
	};
	rootObject = 28CDAC6D1AF171A8005A392B /* Project object */;
}
